
Microsoft Visual Studio Solution File, Format Version 12.00
# Visual Studio Version 17
VisualStudioVersion = 17.14.36414.22 d17.14
MinimumVisualStudioVersion = 10.0.40219.1
Project("{8BC9CEB8-8B4A-11D0-8D11-00A0C91BC942}") = "Laba_Sort", "Laba_Sort\Laba_Sort.vcxproj", "{4AA2A05F-5308-4404-A767-6D7A563D6B96}"
EndProject
Global
	GlobalSection(SolutionConfigurationPlatforms) = preSolution
		Debug|x64 = Debug|x64
		Debug|x86 = Debug|x86
		Release|x64 = Release|x64
		Release|x86 = Release|x86
	EndGlobalSection
	GlobalSection(ProjectConfigurationPlatforms) = postSolution
		{4AA2A05F-5308-4404-A767-6D7A563D6B96}.Debug|x64.ActiveCfg = Debug|x64
		{4AA2A05F-5308-4404-A767-6D7A563D6B96}.Debug|x64.Build.0 = Debug|x64
		{4AA2A05F-5308-4404-A767-6D7A563D6B96}.Debug|x86.ActiveCfg = Debug|Win32
		{4AA2A05F-5308-4404-A767-6D7A563D6B96}.Debug|x86.Build.0 = Debug|Win32
		{4AA2A05F-5308-4404-A767-6D7A563D6B96}.Release|x64.ActiveCfg = Release|x64
		{4AA2A05F-5308-4404-A767-6D7A563D6B96}.Release|x64.Build.0 = Release|x64
		{4AA2A05F-5308-4404-A767-6D7A563D6B96}.Release|x86.ActiveCfg = Release|Win32
		{4AA2A05F-5308-4404-A767-6D7A563D6B96}.Release|x86.Build.0 = Release|Win32
	EndGlobalSection
	GlobalSection(SolutionProperties) = preSolution
		HideSolutionNode = FALSE
	EndGlobalSection
	GlobalSection(ExtensibilityGlobals) = postSolution
		SolutionGuid = {77D2140D-6DF4-406F-920E-79CAFDF405CB}
	EndGlobalSection
EndGlobal
